
Microsoft Visual Studio Solution File, Format Version 12.00
# Visual Studio Version 17
VisualStudioVersion = 17.11.35222.181
MinimumVisualStudioVersion = 10.0.40219.1
Project("{9A19103F-16F7-4668-BE54-9A1E7A4F7556}") = "VsTwitch", "VsTwitch.csproj", "{7244822B-327A-400B-A8E4-F752C31BF3F2}"
EndProject
Project("{FAE04EC0-301F-11D3-BF4B-00C04F79EFBC}") = "TwitchLib.Unity", "..\TwitchLib\TwitchLib.Unity\TwitchLib.Unity\TwitchLib.Unity.csproj", "{A5B02D56-FE91-42FF-8818-246FEECD9D66}"
EndProject
Project("{FAE04EC0-301F-11D3-BF4B-00C04F79EFBC}") = "TwitchLib.EventSub.Websockets", "..\TwitchLib\TwitchLib.EventSub.Websockets\TwitchLib.EventSub.Websockets\TwitchLib.EventSub.Websockets.csproj", "{5CBFCF88-3DFF-4380-8D4A-2BD4EF0DD527}"
EndProject
Global
	GlobalSection(SolutionConfigurationPlatforms) = preSolution
		Debug|Any CPU = Debug|Any CPU
		Release|Any CPU = Release|Any CPU
	EndGlobalSection
	GlobalSection(ProjectConfigurationPlatforms) = postSolution
		{7244822B-327A-400B-A8E4-F752C31BF3F2}.Debug|Any CPU.ActiveCfg = Debug|Any CPU
		{7244822B-327A-400B-A8E4-F752C31BF3F2}.Debug|Any CPU.Build.0 = Debug|Any CPU
		{7244822B-327A-400B-A8E4-F752C31BF3F2}.Release|Any CPU.ActiveCfg = Release|Any CPU
		{7244822B-327A-400B-A8E4-F752C31BF3F2}.Release|Any CPU.Build.0 = Release|Any CPU
		{A5B02D56-FE91-42FF-8818-246FEECD9D66}.Debug|Any CPU.ActiveCfg = Debug|Any CPU
		{A5B02D56-FE91-42FF-8818-246FEECD9D66}.Debug|Any CPU.Build.0 = Debug|Any CPU
		{A5B02D56-FE91-42FF-8818-246FEECD9D66}.Release|Any CPU.ActiveCfg = Release|Any CPU
		{A5B02D56-FE91-42FF-8818-246FEECD9D66}.Release|Any CPU.Build.0 = Release|Any CPU
		{5CBFCF88-3DFF-4380-8D4A-2BD4EF0DD527}.Debug|Any CPU.ActiveCfg = Debug|Any CPU
		{5CBFCF88-3DFF-4380-8D4A-2BD4EF0DD527}.Debug|Any CPU.Build.0 = Debug|Any CPU
		{5CBFCF88-3DFF-4380-8D4A-2BD4EF0DD527}.Release|Any CPU.ActiveCfg = Release|Any CPU
		{5CBFCF88-3DFF-4380-8D4A-2BD4EF0DD527}.Release|Any CPU.Build.0 = Release|Any CPU
	EndGlobalSection
	GlobalSection(SolutionProperties) = preSolution
		HideSolutionNode = FALSE
	EndGlobalSection
	GlobalSection(ExtensibilityGlobals) = postSolution
		SolutionGuid = {CC3A1CFF-1A3A-4F1B-A80A-D8265B78D03E}
	EndGlobalSection
EndGlobal
